
Microsoft Visual Studio Solution File, Format Version 12.00
# Visual Studio Version 17
VisualStudioVersion = 17.7.34221.43
MinimumVisualStudioVersion = 10.0.40219.1
Project("{9A19103F-16F7-4668-BE54-9A1E7A4F7556}") = "DataAccess", "DataAccess\DataAccess.csproj", "{2AAB4E07-7386-48B8-8D32-A9D2FD4B2D39}"
EndProject
Project("{9A19103F-16F7-4668-BE54-9A1E7A4F7556}") = "Business", "Business\Business.csproj", "{057E0D00-638F-4392-8574-DE9014812C72}"
EndProject
Project("{9A19103F-16F7-4668-BE54-9A1E7A4F7556}") = "Entity", "Entity\Entity.csproj", "{9A43556A-EB0F-4D56-A74C-DD16FEBCD7B4}"
EndProject
Project("{9A19103F-16F7-4668-BE54-9A1E7A4F7556}") = "ConsoleUI", "ConsoleUI\ConsoleUI.csproj", "{EA4A0886-317E-4FDE-B158-1BE6229ADC21}"
EndProject
Project("{9A19103F-16F7-4668-BE54-9A1E7A4F7556}") = "Core", "Core\Core.csproj", "{2D17EE0C-B519-4E70-9A08-BE3A32D79143}"
EndProject
Project("{FAE04EC0-301F-11D3-BF4B-00C04F79EFBC}") = "WebAPI", "WebAPI\WebAPI.csproj", "{EF187D3F-E4EB-43A1-B902-ABEBCA49DA23}"
EndProject
Global
	GlobalSection(SolutionConfigurationPlatforms) = preSolution
		Debug|Any CPU = Debug|Any CPU
		Release|Any CPU = Release|Any CPU
	EndGlobalSection
	GlobalSection(ProjectConfigurationPlatforms) = postSolution
		{2AAB4E07-7386-48B8-8D32-A9D2FD4B2D39}.Debug|Any CPU.ActiveCfg = Debug|Any CPU
		{2AAB4E07-7386-48B8-8D32-A9D2FD4B2D39}.Debug|Any CPU.Build.0 = Debug|Any CPU
		{2AAB4E07-7386-48B8-8D32-A9D2FD4B2D39}.Release|Any CPU.ActiveCfg = Release|Any CPU
		{2AAB4E07-7386-48B8-8D32-A9D2FD4B2D39}.Release|Any CPU.Build.0 = Release|Any CPU
		{057E0D00-638F-4392-8574-DE9014812C72}.Debug|Any CPU.ActiveCfg = Debug|Any CPU
		{057E0D00-638F-4392-8574-DE9014812C72}.Debug|Any CPU.Build.0 = Debug|Any CPU
		{057E0D00-638F-4392-8574-DE9014812C72}.Release|Any CPU.ActiveCfg = Release|Any CPU
		{057E0D00-638F-4392-8574-DE9014812C72}.Release|Any CPU.Build.0 = Release|Any CPU
		{9A43556A-EB0F-4D56-A74C-DD16FEBCD7B4}.Debug|Any CPU.ActiveCfg = Debug|Any CPU
		{9A43556A-EB0F-4D56-A74C-DD16FEBCD7B4}.Debug|Any CPU.Build.0 = Debug|Any CPU
		{9A43556A-EB0F-4D56-A74C-DD16FEBCD7B4}.Release|Any CPU.ActiveCfg = Release|Any CPU
		{9A43556A-EB0F-4D56-A74C-DD16FEBCD7B4}.Release|Any CPU.Build.0 = Release|Any CPU
		{EA4A0886-317E-4FDE-B158-1BE6229ADC21}.Debug|Any CPU.ActiveCfg = Debug|Any CPU
		{EA4A0886-317E-4FDE-B158-1BE6229ADC21}.Debug|Any CPU.Build.0 = Debug|Any CPU
		{EA4A0886-317E-4FDE-B158-1BE6229ADC21}.Release|Any CPU.ActiveCfg = Release|Any CPU
		{EA4A0886-317E-4FDE-B158-1BE6229ADC21}.Release|Any CPU.Build.0 = Release|Any CPU
		{2D17EE0C-B519-4E70-9A08-BE3A32D79143}.Debug|Any CPU.ActiveCfg = Debug|Any CPU
		{2D17EE0C-B519-4E70-9A08-BE3A32D79143}.Debug|Any CPU.Build.0 = Debug|Any CPU
		{2D17EE0C-B519-4E70-9A08-BE3A32D79143}.Release|Any CPU.ActiveCfg = Release|Any CPU
		{2D17EE0C-B519-4E70-9A08-BE3A32D79143}.Release|Any CPU.Build.0 = Release|Any CPU
		{EF187D3F-E4EB-43A1-B902-ABEBCA49DA23}.Debug|Any CPU.ActiveCfg = Debug|Any CPU
		{EF187D3F-E4EB-43A1-B902-ABEBCA49DA23}.Debug|Any CPU.Build.0 = Debug|Any CPU
		{EF187D3F-E4EB-43A1-B902-ABEBCA49DA23}.Release|Any CPU.ActiveCfg = Release|Any CPU
		{EF187D3F-E4EB-43A1-B902-ABEBCA49DA23}.Release|Any CPU.Build.0 = Release|Any CPU
	EndGlobalSection
	GlobalSection(SolutionProperties) = preSolution
		HideSolutionNode = FALSE
	EndGlobalSection
	GlobalSection(ExtensibilityGlobals) = postSolution
		SolutionGuid = {D12A21D6-CBDF-4746-BF44-48F7F702DE5D}
	EndGlobalSection
EndGlobal
